
Microsoft Visual Studio Solution File, Format Version 12.00
# Visual Studio 15
VisualStudioVersion = 15.0.26430.13
MinimumVisualStudioVersion = 10.0.40219.1
Project("{FAE04EC0-301F-11D3-BF4B-00C04F79EFBC}") = "DroneLander.Android", "DroneLander\DroneLander.Android\DroneLander.Android.csproj", "{0A9A5C91-753A-495C-AF7F-792AF8712856}"
EndProject
Project("{FAE04EC0-301F-11D3-BF4B-00C04F79EFBC}") = "DroneLander", "DroneLander\DroneLander\DroneLander.csproj", "{EAAD90C1-1637-4085-B059-F6561339F540}"
EndProject
Project("{FAE04EC0-301F-11D3-BF4B-00C04F79EFBC}") = "DroneLander.UWP", "DroneLander\DroneLander.UWP\DroneLander.UWP.csproj", "{D02B88F4-A318-448A-AC6B-9EFB405A7B97}"
EndProject
Project("{FAE04EC0-301F-11D3-BF4B-00C04F79EFBC}") = "DroneLander.iOS", "DroneLander\DroneLander.iOS\DroneLander.iOS.csproj", "{6FCCCC79-6494-479C-8141-D3AE5C4F596D}"
EndProject
Global
	GlobalSection(SolutionConfigurationPlatforms) = preSolution
		Ad-Hoc|Any CPU = Ad-Hoc|Any CPU
		Ad-Hoc|ARM = Ad-Hoc|ARM
		Ad-Hoc|iPhone = Ad-Hoc|iPhone
		Ad-Hoc|iPhoneSimulator = Ad-Hoc|iPhoneSimulator
		Ad-Hoc|x64 = Ad-Hoc|x64
		Ad-Hoc|x86 = Ad-Hoc|x86
		AppStore|Any CPU = AppStore|Any CPU
		AppStore|ARM = AppStore|ARM
		AppStore|iPhone = AppStore|iPhone
		AppStore|iPhoneSimulator = AppStore|iPhoneSimulator
		AppStore|x64 = AppStore|x64
		AppStore|x86 = AppStore|x86
		Debug|Any CPU = Debug|Any CPU
		Debug|ARM = Debug|ARM
		Debug|iPhone = Debug|iPhone
		Debug|iPhoneSimulator = Debug|iPhoneSimulator
		Debug|x64 = Debug|x64
		Debug|x86 = Debug|x86
		Release|Any CPU = Release|Any CPU
		Release|ARM = Release|ARM
		Release|iPhone = Release|iPhone
		Release|iPhoneSimulator = Release|iPhoneSimulator
		Release|x64 = Release|x64
		Release|x86 = Release|x86
	EndGlobalSection
	GlobalSection(ProjectConfigurationPlatforms) = postSolution
		{0A9A5C91-753A-495C-AF7F-792AF8712856}.Ad-Hoc|Any CPU.ActiveCfg = Release|Any CPU
		{0A9A5C91-753A-495C-AF7F-792AF8712856}.Ad-Hoc|Any CPU.Build.0 = Release|Any CPU
		{0A9A5C91-753A-495C-AF7F-792AF8712856}.Ad-Hoc|Any CPU.Deploy.0 = Release|Any CPU
		{0A9A5C91-753A-495C-AF7F-792AF8712856}.Ad-Hoc|ARM.ActiveCfg = Release|Any CPU
		{0A9A5C91-753A-495C-AF7F-792AF8712856}.Ad-Hoc|ARM.Build.0 = Release|Any CPU
		{0A9A5C91-753A-495C-AF7F-792AF8712856}.Ad-Hoc|ARM.Deploy.0 = Release|Any CPU
		{0A9A5C91-753A-495C-AF7F-792AF8712856}.Ad-Hoc|iPhone.ActiveCfg = Release|Any CPU
		{0A9A5C91-753A-495C-AF7F-792AF8712856}.Ad-Hoc|iPhone.Build.0 = Release|Any CPU
		{0A9A5C91-753A-495C-AF7F-792AF8712856}.Ad-Hoc|iPhone.Deploy.0 = Release|Any CPU
		{0A9A5C91-753A-495C-AF7F-792AF8712856}.Ad-Hoc|iPhoneSimulator.ActiveCfg = Release|Any CPU
		{0A9A5C91-753A-495C-AF7F-792AF8712856}.Ad-Hoc|iPhoneSimulator.Build.0 = Release|Any CPU
		{0A9A5C91-753A-495C-AF7F-792AF8712856}.Ad-Hoc|iPhoneSimulator.Deploy.0 = Release|Any CPU
		{0A9A5C91-753A-495C-AF7F-792AF8712856}.Ad-Hoc|x64.ActiveCfg = Release|Any CPU
		{0A9A5C91-753A-495C-AF7F-792AF8712856}.Ad-Hoc|x64.Build.0 = Release|Any CPU
		{0A9A5C91-753A-495C-AF7F-792AF8712856}.Ad-Hoc|x64.Deploy.0 = Release|Any CPU
		{0A9A5C91-753A-495C-AF7F-792AF8712856}.Ad-Hoc|x86.ActiveCfg = Release|Any CPU
		{0A9A5C91-753A-495C-AF7F-792AF8712856}.Ad-Hoc|x86.Build.0 = Release|Any CPU
		{0A9A5C91-753A-495C-AF7F-792AF8712856}.Ad-Hoc|x86.Deploy.0 = Release|Any CPU
		{0A9A5C91-753A-495C-AF7F-792AF8712856}.AppStore|Any CPU.ActiveCfg = Release|Any CPU
		{0A9A5C91-753A-495C-AF7F-792AF8712856}.AppStore|Any CPU.Build.0 = Release|Any CPU
		{0A9A5C91-753A-495C-AF7F-792AF8712856}.AppStore|Any CPU.Deploy.0 = Release|Any CPU
		{0A9A5C91-753A-495C-AF7F-792AF8712856}.AppStore|ARM.ActiveCfg = Release|Any CPU
		{0A9A5C91-753A-495C-AF7F-792AF8712856}.AppStore|ARM.Build.0 = Release|Any CPU
		{0A9A5C91-753A-495C-AF7F-792AF8712856}.AppStore|ARM.Deploy.0 = Release|Any CPU
		{0A9A5C91-753A-495C-AF7F-792AF8712856}.AppStore|iPhone.ActiveCfg = Release|Any CPU
		{0A9A5C91-753A-495C-AF7F-792AF8712856}.AppStore|iPhone.Build.0 = Release|Any CPU
		{0A9A5C91-753A-495C-AF7F-792AF8712856}.AppStore|iPhone.Deploy.0 = Release|Any CPU
		{0A9A5C91-753A-495C-AF7F-792AF8712856}.AppStore|iPhoneSimulator.ActiveCfg = Release|Any CPU
		{0A9A5C91-753A-495C-AF7F-792AF8712856}.AppStore|iPhoneSimulator.Build.0 = Release|Any CPU
		{0A9A5C91-753A-495C-AF7F-792AF8712856}.AppStore|iPhoneSimulator.Deploy.0 = Release|Any CPU
		{0A9A5C91-753A-495C-AF7F-792AF8712856}.AppStore|x64.ActiveCfg = Release|Any CPU
		{0A9A5C91-753A-495C-AF7F-792AF8712856}.AppStore|x64.Build.0 = Release|Any CPU
		{0A9A5C91-753A-495C-AF7F-792AF8712856}.AppStore|x64.Deploy.0 = Release|Any CPU
		{0A9A5C91-753A-495C-AF7F-792AF8712856}.AppStore|x86.ActiveCfg = Release|Any CPU
		{0A9A5C91-753A-495C-AF7F-792AF8712856}.AppStore|x86.Build.0 = Release|Any CPU
		{0A9A5C91-753A-495C-AF7F-792AF8712856}.AppStore|x86.Deploy.0 = Release|Any CPU
		{0A9A5C91-753A-495C-AF7F-792AF8712856}.Debug|Any CPU.ActiveCfg = Debug|Any CPU
		{0A9A5C91-753A-495C-AF7F-792AF8712856}.Debug|Any CPU.Build.0 = Debug|Any CPU
		{0A9A5C91-753A-495C-AF7F-792AF8712856}.Debug|Any CPU.Deploy.0 = Debug|Any CPU
		{0A9A5C91-753A-495C-AF7F-792AF8712856}.Debug|ARM.ActiveCfg = Debug|Any CPU
		{0A9A5C91-753A-495C-AF7F-792AF8712856}.Debug|ARM.Build.0 = Debug|Any CPU
		{0A9A5C91-753A-495C-AF7F-792AF8712856}.Debug|ARM.Deploy.0 = Debug|Any CPU
		{0A9A5C91-753A-495C-AF7F-792AF8712856}.Debug|iPhone.ActiveCfg = Debug|Any CPU
		{0A9A5C91-753A-495C-AF7F-792AF8712856}.Debug|iPhone.Build.0 = Debug|Any CPU
		{0A9A5C91-753A-495C-AF7F-792AF8712856}.Debug|iPhone.Deploy.0 = Debug|Any CPU
		{0A9A5C91-753A-495C-AF7F-792AF8712856}.Debug|iPhoneSimulator.ActiveCfg = Debug|Any CPU
		{0A9A5C91-753A-495C-AF7F-792AF8712856}.Debug|iPhoneSimulator.Build.0 = Debug|Any CPU
		{0A9A5C91-753A-495C-AF7F-792AF8712856}.Debug|iPhoneSimulator.Deploy.0 = Debug|Any CPU
		{0A9A5C91-753A-495C-AF7F-792AF8712856}.Debug|x64.ActiveCfg = Debug|Any CPU
		{0A9A5C91-753A-495C-AF7F-792AF8712856}.Debug|x64.Build.0 = Debug|Any CPU
		{0A9A5C91-753A-495C-AF7F-792AF8712856}.Debug|x64.Deploy.0 = Debug|Any CPU
		{0A9A5C91-753A-495C-AF7F-792AF8712856}.Debug|x86.ActiveCfg = Debug|Any CPU
		{0A9A5C91-753A-495C-AF7F-792AF8712856}.Debug|x86.Build.0 = Debug|Any CPU
		{0A9A5C91-753A-495C-AF7F-792AF8712856}.Debug|x86.Deploy.0 = Debug|Any CPU
		{0A9A5C91-753A-495C-AF7F-792AF8712856}.Release|Any CPU.ActiveCfg = Release|Any CPU
		{0A9A5C91-753A-495C-AF7F-792AF8712856}.Release|Any CPU.Build.0 = Release|Any CPU
		{0A9A5C91-753A-495C-AF7F-792AF8712856}.Release|Any CPU.Deploy.0 = Release|Any CPU
		{0A9A5C91-753A-495C-AF7F-792AF8712856}.Release|ARM.ActiveCfg = Release|Any CPU
		{0A9A5C91-753A-495C-AF7F-792AF8712856}.Release|ARM.Build.0 = Release|Any CPU
		{0A9A5C91-753A-495C-AF7F-792AF8712856}.Release|ARM.Deploy.0 = Release|Any CPU
		{0A9A5C91-753A-495C-AF7F-792AF8712856}.Release|iPhone.ActiveCfg = Release|Any CPU
		{0A9A5C91-753A-495C-AF7F-792AF8712856}.Release|iPhone.Build.0 = Release|Any CPU
		{0A9A5C91-753A-495C-AF7F-792AF8712856}.Release|iPhone.Deploy.0 = Release|Any CPU
		{0A9A5C91-753A-495C-AF7F-792AF8712856}.Release|iPhoneSimulator.ActiveCfg = Release|Any CPU
		{0A9A5C91-753A-495C-AF7F-792AF8712856}.Release|iPhoneSimulator.Build.0 = Release|Any CPU
		{0A9A5C91-753A-495C-AF7F-792AF8712856}.Release|iPhoneSimulator.Deploy.0 = Release|Any CPU
		{0A9A5C91-753A-495C-AF7F-792AF8712856}.Release|x64.ActiveCfg = Release|Any CPU
		{0A9A5C91-753A-495C-AF7F-792AF8712856}.Release|x64.Build.0 = Release|Any CPU
		{0A9A5C91-753A-495C-AF7F-792AF8712856}.Release|x64.Deploy.0 = Release|Any CPU
		{0A9A5C91-753A-495C-AF7F-792AF8712856}.Release|x86.ActiveCfg = Release|Any CPU
		{0A9A5C91-753A-495C-AF7F-792AF8712856}.Release|x86.Build.0 = Release|Any CPU
		{0A9A5C91-753A-495C-AF7F-792AF8712856}.Release|x86.Deploy.0 = Release|Any CPU
		{EAAD90C1-1637-4085-B059-F6561339F540}.Ad-Hoc|Any CPU.ActiveCfg = Release|Any CPU
		{EAAD90C1-1637-4085-B059-F6561339F540}.Ad-Hoc|Any CPU.Build.0 = Release|Any CPU
		{EAAD90C1-1637-4085-B059-F6561339F540}.Ad-Hoc|ARM.ActiveCfg = Release|Any CPU
		{EAAD90C1-1637-4085-B059-F6561339F540}.Ad-Hoc|ARM.Build.0 = Release|Any CPU
		{EAAD90C1-1637-4085-B059-F6561339F540}.Ad-Hoc|iPhone.ActiveCfg = Release|Any CPU
		{EAAD90C1-1637-4085-B059-F6561339F540}.Ad-Hoc|iPhone.Build.0 = Release|Any CPU
		{EAAD90C1-1637-4085-B059-F6561339F540}.Ad-Hoc|iPhoneSimulator.ActiveCfg = Release|Any CPU
		{EAAD90C1-1637-4085-B059-F6561339F540}.Ad-Hoc|iPhoneSimulator.Build.0 = Release|Any CPU
		{EAAD90C1-1637-4085-B059-F6561339F540}.Ad-Hoc|x64.ActiveCfg = Release|Any CPU
		{EAAD90C1-1637-4085-B059-F6561339F540}.Ad-Hoc|x64.Build.0 = Release|Any CPU
		{EAAD90C1-1637-4085-B059-F6561339F540}.Ad-Hoc|x86.ActiveCfg = Release|Any CPU
		{EAAD90C1-1637-4085-B059-F6561339F540}.Ad-Hoc|x86.Build.0 = Release|Any CPU
		{EAAD90C1-1637-4085-B059-F6561339F540}.AppStore|Any CPU.ActiveCfg = Release|Any CPU
		{EAAD90C1-1637-4085-B059-F6561339F540}.AppStore|Any CPU.Build.0 = Release|Any CPU
		{EAAD90C1-1637-4085-B059-F6561339F540}.AppStore|ARM.ActiveCfg = Release|Any CPU
		{EAAD90C1-1637-4085-B059-F6561339F540}.AppStore|ARM.Build.0 = Release|Any CPU
		{EAAD90C1-1637-4085-B059-F6561339F540}.AppStore|iPhone.ActiveCfg = Release|Any CPU
		{EAAD90C1-1637-4085-B059-F6561339F540}.AppStore|iPhone.Build.0 = Release|Any CPU
		{EAAD90C1-1637-4085-B059-F6561339F540}.AppStore|iPhoneSimulator.ActiveCfg = Release|Any CPU
		{EAAD90C1-1637-4085-B059-F6561339F540}.AppStore|iPhoneSimulator.Build.0 = Release|Any CPU
		{EAAD90C1-1637-4085-B059-F6561339F540}.AppStore|x64.ActiveCfg = Release|Any CPU
		{EAAD90C1-1637-4085-B059-F6561339F540}.AppStore|x64.Build.0 = Release|Any CPU
		{EAAD90C1-1637-4085-B059-F6561339F540}.AppStore|x86.ActiveCfg = Release|Any CPU
		{EAAD90C1-1637-4085-B059-F6561339F540}.AppStore|x86.Build.0 = Release|Any CPU
		{EAAD90C1-1637-4085-B059-F6561339F540}.Debug|Any CPU.ActiveCfg = Debug|Any CPU
		{EAAD90C1-1637-4085-B059-F6561339F540}.Debug|Any CPU.Build.0 = Debug|Any CPU
		{EAAD90C1-1637-4085-B059-F6561339F540}.Debug|ARM.ActiveCfg = Debug|Any CPU
		{EAAD90C1-1637-4085-B059-F6561339F540}.Debug|ARM.Build.0 = Debug|Any CPU
		{EAAD90C1-1637-4085-B059-F6561339F540}.Debug|iPhone.ActiveCfg = Debug|Any CPU
		{EAAD90C1-1637-4085-B059-F6561339F540}.Debug|iPhone.Build.0 = Debug|Any CPU
		{EAAD90C1-1637-4085-B059-F6561339F540}.Debug|iPhoneSimulator.ActiveCfg = Debug|Any CPU
		{EAAD90C1-1637-4085-B059-F6561339F540}.Debug|iPhoneSimulator.Build.0 = Debug|Any CPU
		{EAAD90C1-1637-4085-B059-F6561339F540}.Debug|x64.ActiveCfg = Debug|Any CPU
		{EAAD90C1-1637-4085-B059-F6561339F540}.Debug|x64.Build.0 = Debug|Any CPU
		{EAAD90C1-1637-4085-B059-F6561339F540}.Debug|x86.ActiveCfg = Debug|Any CPU
		{EAAD90C1-1637-4085-B059-F6561339F540}.Debug|x86.Build.0 = Debug|Any CPU
		{EAAD90C1-1637-4085-B059-F6561339F540}.Release|Any CPU.ActiveCfg = Release|Any CPU
		{EAAD90C1-1637-4085-B059-F6561339F540}.Release|Any CPU.Build.0 = Release|Any CPU
		{EAAD90C1-1637-4085-B059-F6561339F540}.Release|ARM.ActiveCfg = Release|Any CPU
		{EAAD90C1-1637-4085-B059-F6561339F540}.Release|ARM.Build.0 = Release|Any CPU
		{EAAD90C1-1637-4085-B059-F6561339F540}.Release|iPhone.ActiveCfg = Release|Any CPU
		{EAAD90C1-1637-4085-B059-F6561339F540}.Release|iPhone.Build.0 = Release|Any CPU
		{EAAD90C1-1637-4085-B059-F6561339F540}.Release|iPhoneSimulator.ActiveCfg = Release|Any CPU
		{EAAD90C1-1637-4085-B059-F6561339F540}.Release|iPhoneSimulator.Build.0 = Release|Any CPU
		{EAAD90C1-1637-4085-B059-F6561339F540}.Release|x64.ActiveCfg = Release|Any CPU
		{EAAD90C1-1637-4085-B059-F6561339F540}.Release|x64.Build.0 = Release|Any CPU
		{EAAD90C1-1637-4085-B059-F6561339F540}.Release|x86.ActiveCfg = Release|Any CPU
		{EAAD90C1-1637-4085-B059-F6561339F540}.Release|x86.Build.0 = Release|Any CPU
		{D02B88F4-A318-448A-AC6B-9EFB405A7B97}.Ad-Hoc|Any CPU.ActiveCfg = Release|x86
		{D02B88F4-A318-448A-AC6B-9EFB405A7B97}.Ad-Hoc|Any CPU.Build.0 = Release|x86
		{D02B88F4-A318-448A-AC6B-9EFB405A7B97}.Ad-Hoc|Any CPU.Deploy.0 = Release|x86
		{D02B88F4-A318-448A-AC6B-9EFB405A7B97}.Ad-Hoc|ARM.ActiveCfg = Release|ARM
		{D02B88F4-A318-448A-AC6B-9EFB405A7B97}.Ad-Hoc|ARM.Build.0 = Release|ARM
		{D02B88F4-A318-448A-AC6B-9EFB405A7B97}.Ad-Hoc|ARM.Deploy.0 = Release|ARM
		{D02B88F4-A318-448A-AC6B-9EFB405A7B97}.Ad-Hoc|iPhone.ActiveCfg = Release|x86
		{D02B88F4-A318-448A-AC6B-9EFB405A7B97}.Ad-Hoc|iPhone.Build.0 = Release|x86
		{D02B88F4-A318-448A-AC6B-9EFB405A7B97}.Ad-Hoc|iPhone.Deploy.0 = Release|x86
		{D02B88F4-A318-448A-AC6B-9EFB405A7B97}.Ad-Hoc|iPhoneSimulator.ActiveCfg = Release|x86
		{D02B88F4-A318-448A-AC6B-9EFB405A7B97}.Ad-Hoc|iPhoneSimulator.Build.0 = Release|x86
		{D02B88F4-A318-448A-AC6B-9EFB405A7B97}.Ad-Hoc|iPhoneSimulator.Deploy.0 = Release|x86
		{D02B88F4-A318-448A-AC6B-9EFB405A7B97}.Ad-Hoc|x64.ActiveCfg = Release|x64
		{D02B88F4-A318-448A-AC6B-9EFB405A7B97}.Ad-Hoc|x64.Build.0 = Release|x64
		{D02B88F4-A318-448A-AC6B-9EFB405A7B97}.Ad-Hoc|x64.Deploy.0 = Release|x64
		{D02B88F4-A318-448A-AC6B-9EFB405A7B97}.Ad-Hoc|x86.ActiveCfg = Release|x86
		{D02B88F4-A318-448A-AC6B-9EFB405A7B97}.Ad-Hoc|x86.Build.0 = Release|x86
		{D02B88F4-A318-448A-AC6B-9EFB405A7B97}.Ad-Hoc|x86.Deploy.0 = Release|x86
		{D02B88F4-A318-448A-AC6B-9EFB405A7B97}.AppStore|Any CPU.ActiveCfg = Release|x86
		{D02B88F4-A318-448A-AC6B-9EFB405A7B97}.AppStore|Any CPU.Build.0 = Release|x86
		{D02B88F4-A318-448A-AC6B-9EFB405A7B97}.AppStore|Any CPU.Deploy.0 = Release|x86
		{D02B88F4-A318-448A-AC6B-9EFB405A7B97}.AppStore|ARM.ActiveCfg = Release|ARM
		{D02B88F4-A318-448A-AC6B-9EFB405A7B97}.AppStore|ARM.Build.0 = Release|ARM
		{D02B88F4-A318-448A-AC6B-9EFB405A7B97}.AppStore|ARM.Deploy.0 = Release|ARM
		{D02B88F4-A318-448A-AC6B-9EFB405A7B97}.AppStore|iPhone.ActiveCfg = Release|x86
		{D02B88F4-A318-448A-AC6B-9EFB405A7B97}.AppStore|iPhone.Build.0 = Release|x86
		{D02B88F4-A318-448A-AC6B-9EFB405A7B97}.AppStore|iPhone.Deploy.0 = Release|x86
		{D02B88F4-A318-448A-AC6B-9EFB405A7B97}.AppStore|iPhoneSimulator.ActiveCfg = Release|x86
		{D02B88F4-A318-448A-AC6B-9EFB405A7B97}.AppStore|iPhoneSimulator.Build.0 = Release|x86
		{D02B88F4-A318-448A-AC6B-9EFB405A7B97}.AppStore|iPhoneSimulator.Deploy.0 = Release|x86
		{D02B88F4-A318-448A-AC6B-9EFB405A7B97}.AppStore|x64.ActiveCfg = Release|x64
		{D02B88F4-A318-448A-AC6B-9EFB405A7B97}.AppStore|x64.Build.0 = Release|x64
		{D02B88F4-A318-448A-AC6B-9EFB405A7B97}.AppStore|x64.Deploy.0 = Release|x64
		{D02B88F4-A318-448A-AC6B-9EFB405A7B97}.AppStore|x86.ActiveCfg = Release|x86
		{D02B88F4-A318-448A-AC6B-9EFB405A7B97}.AppStore|x86.Build.0 = Release|x86
		{D02B88F4-A318-448A-AC6B-9EFB405A7B97}.AppStore|x86.Deploy.0 = Release|x86
		{D02B88F4-A318-448A-AC6B-9EFB405A7B97}.Debug|Any CPU.ActiveCfg = Debug|x86
		{D02B88F4-A318-448A-AC6B-9EFB405A7B97}.Debug|Any CPU.Build.0 = Debug|x86
		{D02B88F4-A318-448A-AC6B-9EFB405A7B97}.Debug|Any CPU.Deploy.0 = Debug|x86
		{D02B88F4-A318-448A-AC6B-9EFB405A7B97}.Debug|ARM.ActiveCfg = Debug|ARM
		{D02B88F4-A318-448A-AC6B-9EFB405A7B97}.Debug|ARM.Build.0 = Debug|ARM
		{D02B88F4-A318-448A-AC6B-9EFB405A7B97}.Debug|ARM.Deploy.0 = Debug|ARM
		{D02B88F4-A318-448A-AC6B-9EFB405A7B97}.Debug|iPhone.ActiveCfg = Debug|x86
		{D02B88F4-A318-448A-AC6B-9EFB405A7B97}.Debug|iPhoneSimulator.ActiveCfg = Debug|x86
		{D02B88F4-A318-448A-AC6B-9EFB405A7B97}.Debug|x64.ActiveCfg = Debug|x64
		{D02B88F4-A318-448A-AC6B-9EFB405A7B97}.Debug|x64.Build.0 = Debug|x64
		{D02B88F4-A318-448A-AC6B-9EFB405A7B97}.Debug|x64.Deploy.0 = Debug|x64
		{D02B88F4-A318-448A-AC6B-9EFB405A7B97}.Debug|x86.ActiveCfg = Debug|x86
		{D02B88F4-A318-448A-AC6B-9EFB405A7B97}.Debug|x86.Build.0 = Debug|x86
		{D02B88F4-A318-448A-AC6B-9EFB405A7B97}.Debug|x86.Deploy.0 = Debug|x86
		{D02B88F4-A318-448A-AC6B-9EFB405A7B97}.Release|Any CPU.ActiveCfg = Release|x86
		{D02B88F4-A318-448A-AC6B-9EFB405A7B97}.Release|ARM.ActiveCfg = Release|ARM
		{D02B88F4-A318-448A-AC6B-9EFB405A7B97}.Release|ARM.Build.0 = Release|ARM
		{D02B88F4-A318-448A-AC6B-9EFB405A7B97}.Release|ARM.Deploy.0 = Release|ARM
		{D02B88F4-A318-448A-AC6B-9EFB405A7B97}.Release|iPhone.ActiveCfg = Release|x86
		{D02B88F4-A318-448A-AC6B-9EFB405A7B97}.Release|iPhoneSimulator.ActiveCfg = Release|x86
		{D02B88F4-A318-448A-AC6B-9EFB405A7B97}.Release|x64.ActiveCfg = Release|x64
		{D02B88F4-A318-448A-AC6B-9EFB405A7B97}.Release|x64.Build.0 = Release|x64
		{D02B88F4-A318-448A-AC6B-9EFB405A7B97}.Release|x64.Deploy.0 = Release|x64
		{D02B88F4-A318-448A-AC6B-9EFB405A7B97}.Release|x86.ActiveCfg = Release|x86
		{D02B88F4-A318-448A-AC6B-9EFB405A7B97}.Release|x86.Build.0 = Release|x86
		{D02B88F4-A318-448A-AC6B-9EFB405A7B97}.Release|x86.Deploy.0 = Release|x86
		{6FCCCC79-6494-479C-8141-D3AE5C4F596D}.Ad-Hoc|Any CPU.ActiveCfg = Ad-Hoc|iPhone
		{6FCCCC79-6494-479C-8141-D3AE5C4F596D}.Ad-Hoc|ARM.ActiveCfg = Ad-Hoc|iPhone
		{6FCCCC79-6494-479C-8141-D3AE5C4F596D}.Ad-Hoc|iPhone.ActiveCfg = Ad-Hoc|iPhone
		{6FCCCC79-6494-479C-8141-D3AE5C4F596D}.Ad-Hoc|iPhone.Build.0 = Ad-Hoc|iPhone
		{6FCCCC79-6494-479C-8141-D3AE5C4F596D}.Ad-Hoc|iPhoneSimulator.ActiveCfg = Ad-Hoc|iPhoneSimulator
		{6FCCCC79-6494-479C-8141-D3AE5C4F596D}.Ad-Hoc|iPhoneSimulator.Build.0 = Ad-Hoc|iPhoneSimulator
		{6FCCCC79-6494-479C-8141-D3AE5C4F596D}.Ad-Hoc|x64.ActiveCfg = Ad-Hoc|iPhone
		{6FCCCC79-6494-479C-8141-D3AE5C4F596D}.Ad-Hoc|x86.ActiveCfg = Ad-Hoc|iPhone
		{6FCCCC79-6494-479C-8141-D3AE5C4F596D}.AppStore|Any CPU.ActiveCfg = AppStore|iPhone
		{6FCCCC79-6494-479C-8141-D3AE5C4F596D}.AppStore|ARM.ActiveCfg = AppStore|iPhone
		{6FCCCC79-6494-479C-8141-D3AE5C4F596D}.AppStore|iPhone.ActiveCfg = AppStore|iPhone
		{6FCCCC79-6494-479C-8141-D3AE5C4F596D}.AppStore|iPhone.Build.0 = AppStore|iPhone
		{6FCCCC79-6494-479C-8141-D3AE5C4F596D}.AppStore|iPhoneSimulator.ActiveCfg = AppStore|iPhoneSimulator
		{6FCCCC79-6494-479C-8141-D3AE5C4F596D}.AppStore|iPhoneSimulator.Build.0 = AppStore|iPhoneSimulator
		{6FCCCC79-6494-479C-8141-D3AE5C4F596D}.AppStore|x64.ActiveCfg = AppStore|iPhone
		{6FCCCC79-6494-479C-8141-D3AE5C4F596D}.AppStore|x86.ActiveCfg = AppStore|iPhone
		{6FCCCC79-6494-479C-8141-D3AE5C4F596D}.Debug|Any CPU.ActiveCfg = Debug|iPhone
		{6FCCCC79-6494-479C-8141-D3AE5C4F596D}.Debug|ARM.ActiveCfg = Debug|iPhone
		{6FCCCC79-6494-479C-8141-D3AE5C4F596D}.Debug|iPhone.ActiveCfg = Debug|iPhone
		{6FCCCC79-6494-479C-8141-D3AE5C4F596D}.Debug|iPhone.Build.0 = Debug|iPhone
		{6FCCCC79-6494-479C-8141-D3AE5C4F596D}.Debug|iPhoneSimulator.ActiveCfg = Debug|iPhoneSimulator
		{6FCCCC79-6494-479C-8141-D3AE5C4F596D}.Debug|iPhoneSimulator.Build.0 = Debug|iPhoneSimulator
		{6FCCCC79-6494-479C-8141-D3AE5C4F596D}.Debug|x64.ActiveCfg = Debug|iPhone
		{6FCCCC79-6494-479C-8141-D3AE5C4F596D}.Debug|x86.ActiveCfg = Debug|iPhone
		{6FCCCC79-6494-479C-8141-D3AE5C4F596D}.Release|Any CPU.ActiveCfg = Release|iPhone
		{6FCCCC79-6494-479C-8141-D3AE5C4F596D}.Release|ARM.ActiveCfg = Release|iPhone
		{6FCCCC79-6494-479C-8141-D3AE5C4F596D}.Release|iPhone.ActiveCfg = Release|iPhone
		{6FCCCC79-6494-479C-8141-D3AE5C4F596D}.Release|iPhone.Build.0 = Release|iPhone
		{6FCCCC79-6494-479C-8141-D3AE5C4F596D}.Release|iPhoneSimulator.ActiveCfg = Release|iPhoneSimulator
		{6FCCCC79-6494-479C-8141-D3AE5C4F596D}.Release|iPhoneSimulator.Build.0 = Release|iPhoneSimulator
		{6FCCCC79-6494-479C-8141-D3AE5C4F596D}.Release|x64.ActiveCfg = Release|iPhone
		{6FCCCC79-6494-479C-8141-D3AE5C4F596D}.Release|x86.ActiveCfg = Release|iPhone
	EndGlobalSection
	GlobalSection(SolutionProperties) = preSolution
		HideSolutionNode = FALSE
	EndGlobalSection
EndGlobal
